
Microsoft Visual Studio Solution File, Format Version 12.00
# Visual Studio 15
VisualStudioVersion = 15.0.27004.2005
MinimumVisualStudioVersion = 10.0.40219.1
Project("{2150E333-8FDC-42A3-9474-1A3956D46DE8}") = "samples", "samples", "{14FADD1E-64F0-4739-B5BC-2D310D1F7C7A}"
EndProject
Project("{2150E333-8FDC-42A3-9474-1A3956D46DE8}") = "src", "src", "{5C21B9F2-04A0-4027-97B1-042719F317E0}"
EndProject
Project("{9A19103F-16F7-4668-BE54-9A1E7A4F7556}") = "Server", "samples\Server\Server.csproj", "{96709952-6486-4A56-89A4-66AFC27CB5E5}"
EndProject
Project("{9A19103F-16F7-4668-BE54-9A1E7A4F7556}") = "Client", "samples\Client\Client.csproj", "{C09858B2-95F1-4145-87B6-6FD04767D30D}"
EndProject
Project("{9A19103F-16F7-4668-BE54-9A1E7A4F7556}") = "ServiceInterfaces", "samples\ServiceInterfaces\ServiceInterfaces.csproj", "{BC948830-5F88-44E0-93E0-80867C7A9819}"
EndProject
Project("{2150E333-8FDC-42A3-9474-1A3956D46DE8}") = "test", "test", "{8BFBB9D7-601F-4D4F-9971-A06B98C0C7D2}"
EndProject
Project("{9A19103F-16F7-4668-BE54-9A1E7A4F7556}") = "Ribe.Rpc.Zookeeper", "src\Ribe.Rpc.Zookeeper\Ribe.Rpc.Zookeeper.csproj", "{8BFCC921-3192-4E72-891B-03B672EA215E}"
EndProject
Project("{9A19103F-16F7-4668-BE54-9A1E7A4F7556}") = "Ribe.Rpc", "src\Ribe.Rpc\Ribe.Rpc.csproj", "{EC4ABCA4-776A-4A94-B791-AD1654AF1C07}"
EndProject
Project("{9A19103F-16F7-4668-BE54-9A1E7A4F7556}") = "Ribe.Rpc.DotNetty", "src\Ribe.Rpc.DotNetty\Ribe.Rpc.DotNetty.csproj", "{7E057649-23B3-42C0-84CB-877E5F3C8506}"
EndProject
Project("{9A19103F-16F7-4668-BE54-9A1E7A4F7556}") = "Ribe.Rpc.Json", "src\Ribe.Rpc.Json\Ribe.Rpc.Json.csproj", "{D570C9C5-6A06-4626-ABC6-D00997299F42}"
EndProject
Global
	GlobalSection(SolutionConfigurationPlatforms) = preSolution
		Debug|Any CPU = Debug|Any CPU
		Release|Any CPU = Release|Any CPU
	EndGlobalSection
	GlobalSection(ProjectConfigurationPlatforms) = postSolution
		{96709952-6486-4A56-89A4-66AFC27CB5E5}.Debug|Any CPU.ActiveCfg = Debug|Any CPU
		{96709952-6486-4A56-89A4-66AFC27CB5E5}.Debug|Any CPU.Build.0 = Debug|Any CPU
		{96709952-6486-4A56-89A4-66AFC27CB5E5}.Release|Any CPU.ActiveCfg = Release|Any CPU
		{96709952-6486-4A56-89A4-66AFC27CB5E5}.Release|Any CPU.Build.0 = Release|Any CPU
		{C09858B2-95F1-4145-87B6-6FD04767D30D}.Debug|Any CPU.ActiveCfg = Debug|Any CPU
		{C09858B2-95F1-4145-87B6-6FD04767D30D}.Debug|Any CPU.Build.0 = Debug|Any CPU
		{C09858B2-95F1-4145-87B6-6FD04767D30D}.Release|Any CPU.ActiveCfg = Release|Any CPU
		{C09858B2-95F1-4145-87B6-6FD04767D30D}.Release|Any CPU.Build.0 = Release|Any CPU
		{BC948830-5F88-44E0-93E0-80867C7A9819}.Debug|Any CPU.ActiveCfg = Debug|Any CPU
		{BC948830-5F88-44E0-93E0-80867C7A9819}.Debug|Any CPU.Build.0 = Debug|Any CPU
		{BC948830-5F88-44E0-93E0-80867C7A9819}.Release|Any CPU.ActiveCfg = Release|Any CPU
		{BC948830-5F88-44E0-93E0-80867C7A9819}.Release|Any CPU.Build.0 = Release|Any CPU
		{8BFCC921-3192-4E72-891B-03B672EA215E}.Debug|Any CPU.ActiveCfg = Debug|Any CPU
		{8BFCC921-3192-4E72-891B-03B672EA215E}.Debug|Any CPU.Build.0 = Debug|Any CPU
		{8BFCC921-3192-4E72-891B-03B672EA215E}.Release|Any CPU.ActiveCfg = Release|Any CPU
		{8BFCC921-3192-4E72-891B-03B672EA215E}.Release|Any CPU.Build.0 = Release|Any CPU
		{EC4ABCA4-776A-4A94-B791-AD1654AF1C07}.Debug|Any CPU.ActiveCfg = Debug|Any CPU
		{EC4ABCA4-776A-4A94-B791-AD1654AF1C07}.Debug|Any CPU.Build.0 = Debug|Any CPU
		{EC4ABCA4-776A-4A94-B791-AD1654AF1C07}.Release|Any CPU.ActiveCfg = Release|Any CPU
		{EC4ABCA4-776A-4A94-B791-AD1654AF1C07}.Release|Any CPU.Build.0 = Release|Any CPU
		{7E057649-23B3-42C0-84CB-877E5F3C8506}.Debug|Any CPU.ActiveCfg = Debug|Any CPU
		{7E057649-23B3-42C0-84CB-877E5F3C8506}.Debug|Any CPU.Build.0 = Debug|Any CPU
		{7E057649-23B3-42C0-84CB-877E5F3C8506}.Release|Any CPU.ActiveCfg = Release|Any CPU
		{7E057649-23B3-42C0-84CB-877E5F3C8506}.Release|Any CPU.Build.0 = Release|Any CPU
		{D570C9C5-6A06-4626-ABC6-D00997299F42}.Debug|Any CPU.ActiveCfg = Debug|Any CPU
		{D570C9C5-6A06-4626-ABC6-D00997299F42}.Debug|Any CPU.Build.0 = Debug|Any CPU
		{D570C9C5-6A06-4626-ABC6-D00997299F42}.Release|Any CPU.ActiveCfg = Release|Any CPU
		{D570C9C5-6A06-4626-ABC6-D00997299F42}.Release|Any CPU.Build.0 = Release|Any CPU
	EndGlobalSection
	GlobalSection(SolutionProperties) = preSolution
		HideSolutionNode = FALSE
	EndGlobalSection
	GlobalSection(NestedProjects) = preSolution
		{96709952-6486-4A56-89A4-66AFC27CB5E5} = {14FADD1E-64F0-4739-B5BC-2D310D1F7C7A}
		{C09858B2-95F1-4145-87B6-6FD04767D30D} = {14FADD1E-64F0-4739-B5BC-2D310D1F7C7A}
		{BC948830-5F88-44E0-93E0-80867C7A9819} = {14FADD1E-64F0-4739-B5BC-2D310D1F7C7A}
		{8BFCC921-3192-4E72-891B-03B672EA215E} = {5C21B9F2-04A0-4027-97B1-042719F317E0}
		{EC4ABCA4-776A-4A94-B791-AD1654AF1C07} = {5C21B9F2-04A0-4027-97B1-042719F317E0}
		{7E057649-23B3-42C0-84CB-877E5F3C8506} = {5C21B9F2-04A0-4027-97B1-042719F317E0}
		{D570C9C5-6A06-4626-ABC6-D00997299F42} = {5C21B9F2-04A0-4027-97B1-042719F317E0}
	EndGlobalSection
	GlobalSection(ExtensibilityGlobals) = postSolution
		SolutionGuid = {F87328FA-8CD7-4328-A7B6-A054BC0122CF}
	EndGlobalSection
EndGlobal
